
Microsoft Visual Studio Solution File, Format Version 12.00
# Visual Studio Version 16
VisualStudioVersion = 16.0.33130.400
MinimumVisualStudioVersion = 10.0.40219.1
Project("{FAE04EC0-301F-11D3-BF4B-00C04F79EFBC}") = "DevilDozenApp", "DevilDozenApp\DevilDozenApp.csproj", "{D27AD98D-29C3-4524-836B-7FA7D506A536}"
EndProject
Global
	GlobalSection(SolutionConfigurationPlatforms) = preSolution
		Debug|Any CPU = Debug|Any CPU
		Release|Any CPU = Release|Any CPU
	EndGlobalSection
	GlobalSection(ProjectConfigurationPlatforms) = postSolution
		{D27AD98D-29C3-4524-836B-7FA7D506A536}.Debug|Any CPU.ActiveCfg = Debug|Any CPU
		{D27AD98D-29C3-4524-836B-7FA7D506A536}.Debug|Any CPU.Build.0 = Debug|Any CPU
		{D27AD98D-29C3-4524-836B-7FA7D506A536}.Release|Any CPU.ActiveCfg = Release|Any CPU
		{D27AD98D-29C3-4524-836B-7FA7D506A536}.Release|Any CPU.Build.0 = Release|Any CPU
	EndGlobalSection
	GlobalSection(SolutionProperties) = preSolution
		HideSolutionNode = FALSE
	EndGlobalSection
	GlobalSection(ExtensibilityGlobals) = postSolution
		SolutionGuid = {45DB0F63-CA24-49EE-9555-C63AA12A73BD}
	EndGlobalSection
EndGlobal
